// !$*UTF8*$!
{
	archiveVersion = 1;
	classes = {
	};
	objectVersion = 56;
	objects = {

/* Begin PBXBuildFile section */
		ED0BBD4A298E7CF1004C2559 /* AppDelegate.swift in Sources */ = {isa = PBXBuildFile; fileRef = ED0BBD49298E7CF1004C2559 /* AppDelegate.swift */; };
		ED0BBD4C298E7CF1004C2559 /* SceneDelegate.swift in Sources */ = {isa = PBXBuildFile; fileRef = ED0BBD4B298E7CF1004C2559 /* SceneDelegate.swift */; };
		ED0BBD4E298E7CF1004C2559 /* ViewController.swift in Sources */ = {isa = PBXBuildFile; fileRef = ED0BBD4D298E7CF1004C2559 /* ViewController.swift */; };
		ED0BBD51298E7CF1004C2559 /* Main.storyboard in Resources */ = {isa = PBXBuildFile; fileRef = ED0BBD4F298E7CF1004C2559 /* Main.storyboard */; };
		ED0BBD54298E7CF1004C2559 /* Rick_and_Morti.xcdatamodeld in Sources */ = {isa = PBXBuildFile; fileRef = ED0BBD52298E7CF1004C2559 /* Rick_and_Morti.xcdatamodeld */; };
		ED0BBD56298E7CF2004C2559 /* Assets.xcassets in Resources */ = {isa = PBXBuildFile; fileRef = ED0BBD55298E7CF2004C2559 /* Assets.xcassets */; };
		ED0BBD59298E7CF2004C2559 /* LaunchScreen.storyboard in Resources */ = {isa = PBXBuildFile; fileRef = ED0BBD57298E7CF2004C2559 /* LaunchScreen.storyboard */; };
		ED0BBD64298E7CF3004C2559 /* Rick_and_MortiTests.swift in Sources */ = {isa = PBXBuildFile; fileRef = ED0BBD63298E7CF3004C2559 /* Rick_and_MortiTests.swift */; };
		ED0BBD6E298E7CF3004C2559 /* Rick_and_MortiUITests.swift in Sources */ = {isa = PBXBuildFile; fileRef = ED0BBD6D298E7CF3004C2559 /* Rick_and_MortiUITests.swift */; };
		ED0BBD70298E7CF3004C2559 /* Rick_and_MortiUITestsLaunchTests.swift in Sources */ = {isa = PBXBuildFile; fileRef = ED0BBD6F298E7CF3004C2559 /* Rick_and_MortiUITestsLaunchTests.swift */; };
		ED0BBD8F298E87D9004C2559 /* ListCharactersPresenter.swift in Sources */ = {isa = PBXBuildFile; fileRef = ED0BBD89298E87D9004C2559 /* ListCharactersPresenter.swift */; };
		ED0BBD90298E87D9004C2559 /* ListCharactersWorker.swift in Sources */ = {isa = PBXBuildFile; fileRef = ED0BBD8A298E87D9004C2559 /* ListCharactersWorker.swift */; };
		ED0BBD91298E87D9004C2559 /* ListCharactersRouter.swift in Sources */ = {isa = PBXBuildFile; fileRef = ED0BBD8B298E87D9004C2559 /* ListCharactersRouter.swift */; };
		ED0BBD92298E87D9004C2559 /* ListCharactersModels.swift in Sources */ = {isa = PBXBuildFile; fileRef = ED0BBD8C298E87D9004C2559 /* ListCharactersModels.swift */; };
		ED0BBD93298E87D9004C2559 /* ListCharactersViewController.swift in Sources */ = {isa = PBXBuildFile; fileRef = ED0BBD8D298E87D9004C2559 /* ListCharactersViewController.swift */; };
		ED0BBD94298E87D9004C2559 /* ListCharactersInteractor.swift in Sources */ = {isa = PBXBuildFile; fileRef = ED0BBD8E298E87D9004C2559 /* ListCharactersInteractor.swift */; };
		ED0BBD9729912B08004C2559 /* Character.swift in Sources */ = {isa = PBXBuildFile; fileRef = ED0BBD9629912B08004C2559 /* Character.swift */; };
		ED0BBD9929912D6F004C2559 /* Location.swift in Sources */ = {isa = PBXBuildFile; fileRef = ED0BBD9829912D6F004C2559 /* Location.swift */; };
		ED0BBD9B29912DCD004C2559 /* Episode.swift in Sources */ = {isa = PBXBuildFile; fileRef = ED0BBD9A29912DCD004C2559 /* Episode.swift */; };
		ED0BBD9D29914FEA004C2559 /* PaginationInfo.swift in Sources */ = {isa = PBXBuildFile; fileRef = ED0BBD9C29914FEA004C2559 /* PaginationInfo.swift */; };
		ED0BBDA029916603004C2559 /* CharactersApi.swift in Sources */ = {isa = PBXBuildFile; fileRef = ED0BBD9F29916602004C2559 /* CharactersApi.swift */; };
		ED0BBDA329916658004C2559 /* Constants.swift in Sources */ = {isa = PBXBuildFile; fileRef = ED0BBDA229916658004C2559 /* Constants.swift */; };
		ED0BBDA529916FD6004C2559 /* CharactersCoreData.swift in Sources */ = {isa = PBXBuildFile; fileRef = ED0BBDA429916FD6004C2559 /* CharactersCoreData.swift */; };
		ED0BBDA7299172BF004C2559 /* ServiceOperationResult.swift in Sources */ = {isa = PBXBuildFile; fileRef = ED0BBDA6299172BF004C2559 /* ServiceOperationResult.swift */; };
		ED0BBDA929918D3E004C2559 /* Extensions.swift in Sources */ = {isa = PBXBuildFile; fileRef = ED0BBDA829918D3E004C2559 /* Extensions.swift */; };
		ED0BBDB029919CDC004C2559 /* CharacterCell.swift in Sources */ = {isa = PBXBuildFile; fileRef = ED0BBDAE29919CDB004C2559 /* CharacterCell.swift */; };
		ED0BBDB129919CDC004C2559 /* CharacterCell.xib in Resources */ = {isa = PBXBuildFile; fileRef = ED0BBDAF29919CDC004C2559 /* CharacterCell.xib */; };
		ED0BBDB52991A984004C2559 /* RemoteImageHelper.swift in Sources */ = {isa = PBXBuildFile; fileRef = ED0BBDB42991A984004C2559 /* RemoteImageHelper.swift */; };
		ED0BBDB72991B841004C2559 /* RoundedImageView.swift in Sources */ = {isa = PBXBuildFile; fileRef = ED0BBDB62991B841004C2559 /* RoundedImageView.swift */; };
		ED0BBDC02991B939004C2559 /* CharacterDetailPresenter.swift in Sources */ = {isa = PBXBuildFile; fileRef = ED0BBDBA2991B939004C2559 /* CharacterDetailPresenter.swift */; };
		ED0BBDC12991B939004C2559 /* CharacterDetailWorker.swift in Sources */ = {isa = PBXBuildFile; fileRef = ED0BBDBB2991B939004C2559 /* CharacterDetailWorker.swift */; };
		ED0BBDC22991B939004C2559 /* CharacterDetailRouter.swift in Sources */ = {isa = PBXBuildFile; fileRef = ED0BBDBC2991B939004C2559 /* CharacterDetailRouter.swift */; };
		ED0BBDC32991B939004C2559 /* CharacterDetailModels.swift in Sources */ = {isa = PBXBuildFile; fileRef = ED0BBDBD2991B939004C2559 /* CharacterDetailModels.swift */; };
		ED0BBDC42991B939004C2559 /* CharacterDetailViewController.swift in Sources */ = {isa = PBXBuildFile; fileRef = ED0BBDBE2991B939004C2559 /* CharacterDetailViewController.swift */; };
		ED0BBDC52991B939004C2559 /* CharacterDetailInteractor.swift in Sources */ = {isa = PBXBuildFile; fileRef = ED0BBDBF2991B939004C2559 /* CharacterDetailInteractor.swift */; };
		ED4862712995699800740E92 /* ManagedCharacter+CoreDataClass.swift in Sources */ = {isa = PBXBuildFile; fileRef = ED48626F2995699800740E92 /* ManagedCharacter+CoreDataClass.swift */; };
		ED4862722995699800740E92 /* ManagedCharacter+CoreDataProperties.swift in Sources */ = {isa = PBXBuildFile; fileRef = ED4862702995699800740E92 /* ManagedCharacter+CoreDataProperties.swift */; };
		ED732E472993FE9B00318953 /* EpisodesApi.swift in Sources */ = {isa = PBXBuildFile; fileRef = ED732E462993FE9B00318953 /* EpisodesApi.swift */; };
		ED732E492993FECE00318953 /* CharactersProtocol.swift in Sources */ = {isa = PBXBuildFile; fileRef = ED732E482993FECE00318953 /* CharactersProtocol.swift */; };
		ED732E4B2993FEEA00318953 /* EpisodesProtocol.swift in Sources */ = {isa = PBXBuildFile; fileRef = ED732E4A2993FEEA00318953 /* EpisodesProtocol.swift */; };
		EDB039AF29966BAE0048FC43 /* ListEpisodesPresenter.swift in Sources */ = {isa = PBXBuildFile; fileRef = EDB039A929966BAD0048FC43 /* ListEpisodesPresenter.swift */; };
		EDB039B029966BAE0048FC43 /* ListEpisodesWorker.swift in Sources */ = {isa = PBXBuildFile; fileRef = EDB039AA29966BAD0048FC43 /* ListEpisodesWorker.swift */; };
		EDB039B129966BAE0048FC43 /* ListEpisodesRouter.swift in Sources */ = {isa = PBXBuildFile; fileRef = EDB039AB29966BAD0048FC43 /* ListEpisodesRouter.swift */; };
		EDB039B229966BAE0048FC43 /* ListEpisodesModels.swift in Sources */ = {isa = PBXBuildFile; fileRef = EDB039AC29966BAD0048FC43 /* ListEpisodesModels.swift */; };
		EDB039B329966BAE0048FC43 /* ListEpisodesViewController.swift in Sources */ = {isa = PBXBuildFile; fileRef = EDB039AD29966BAE0048FC43 /* ListEpisodesViewController.swift */; };
		EDB039B429966BAE0048FC43 /* ListEpisodesInteractor.swift in Sources */ = {isa = PBXBuildFile; fileRef = EDB039AE29966BAE0048FC43 /* ListEpisodesInteractor.swift */; };
		EDB039B729967DEA0048FC43 /* EpisodeTableViewCell.swift in Sources */ = {isa = PBXBuildFile; fileRef = EDB039B529967DEA0048FC43 /* EpisodeTableViewCell.swift */; };
		EDB039B829967DEA0048FC43 /* EpisodeTableViewCell.xib in Resources */ = {isa = PBXBuildFile; fileRef = EDB039B629967DEA0048FC43 /* EpisodeTableViewCell.xib */; };
		EDB039BF299693BF0048FC43 /* ListLocationsPresenter.swift in Sources */ = {isa = PBXBuildFile; fileRef = EDB039B9299693BF0048FC43 /* ListLocationsPresenter.swift */; };
		EDB039C0299693BF0048FC43 /* ListLocationsWorker.swift in Sources */ = {isa = PBXBuildFile; fileRef = EDB039BA299693BF0048FC43 /* ListLocationsWorker.swift */; };
		EDB039C1299693BF0048FC43 /* ListLocationsRouter.swift in Sources */ = {isa = PBXBuildFile; fileRef = EDB039BB299693BF0048FC43 /* ListLocationsRouter.swift */; };
		EDB039C2299693BF0048FC43 /* ListLocationsModels.swift in Sources */ = {isa = PBXBuildFile; fileRef = EDB039BC299693BF0048FC43 /* ListLocationsModels.swift */; };
		EDB039C3299693BF0048FC43 /* ListLocationsViewController.swift in Sources */ = {isa = PBXBuildFile; fileRef = EDB039BD299693BF0048FC43 /* ListLocationsViewController.swift */; };
		EDB039C4299693BF0048FC43 /* ListLocationsInteractor.swift in Sources */ = {isa = PBXBuildFile; fileRef = EDB039BE299693BF0048FC43 /* ListLocationsInteractor.swift */; };
		EDB039C72996983E0048FC43 /* LocationsProtocol.swift in Sources */ = {isa = PBXBuildFile; fileRef = EDB039C62996983E0048FC43 /* LocationsProtocol.swift */; };
		EDB039C9299699E60048FC43 /* LocationsApi.swift in Sources */ = {isa = PBXBuildFile; fileRef = EDB039C8299699E60048FC43 /* LocationsApi.swift */; };
		EDB039CC2996A84E0048FC43 /* LocationTableViewCell.swift in Sources */ = {isa = PBXBuildFile; fileRef = EDB039CA2996A84E0048FC43 /* LocationTableViewCell.swift */; };
		EDB039CD2996A84E0048FC43 /* LocationTableViewCell.xib in Resources */ = {isa = PBXBuildFile; fileRef = EDB039CB2996A84E0048FC43 /* LocationTableViewCell.xib */; };
		EDB039D52996B53D0048FC43 /* SearchCharacterPresenter.swift in Sources */ = {isa = PBXBuildFile; fileRef = EDB039CF2996B53D0048FC43 /* SearchCharacterPresenter.swift */; };
		EDB039D62996B53D0048FC43 /* SearchCharacterWorker.swift in Sources */ = {isa = PBXBuildFile; fileRef = EDB039D02996B53D0048FC43 /* SearchCharacterWorker.swift */; };
		EDB039D72996B53D0048FC43 /* SearchCharacterRouter.swift in Sources */ = {isa = PBXBuildFile; fileRef = EDB039D12996B53D0048FC43 /* SearchCharacterRouter.swift */; };
		EDB039D82996B53D0048FC43 /* SearchCharacterModels.swift in Sources */ = {isa = PBXBuildFile; fileRef = EDB039D22996B53D0048FC43 /* SearchCharacterModels.swift */; };
		EDB039D92996B53D0048FC43 /* SearchCharacterViewController.swift in Sources */ = {isa = PBXBuildFile; fileRef = EDB039D32996B53D0048FC43 /* SearchCharacterViewController.swift */; };
		EDB039DA2996B53D0048FC43 /* SearchCharacterInteractor.swift in Sources */ = {isa = PBXBuildFile; fileRef = EDB039D42996B53D0048FC43 /* SearchCharacterInteractor.swift */; };
		EDB039E4299A67830048FC43 /* SearchCharacterListPresenter.swift in Sources */ = {isa = PBXBuildFile; fileRef = EDB039DE299A67830048FC43 /* SearchCharacterListPresenter.swift */; };
		EDB039E5299A67830048FC43 /* SearchCharacterListWorker.swift in Sources */ = {isa = PBXBuildFile; fileRef = EDB039DF299A67830048FC43 /* SearchCharacterListWorker.swift */; };
		EDB039E6299A67830048FC43 /* SearchCharacterListRouter.swift in Sources */ = {isa = PBXBuildFile; fileRef = EDB039E0299A67830048FC43 /* SearchCharacterListRouter.swift */; };
		EDB039E7299A67830048FC43 /* SearchCharacterListModels.swift in Sources */ = {isa = PBXBuildFile; fileRef = EDB039E1299A67830048FC43 /* SearchCharacterListModels.swift */; };
		EDB039E8299A67830048FC43 /* SearchCharacterListViewController.swift in Sources */ = {isa = PBXBuildFile; fileRef = EDB039E2299A67830048FC43 /* SearchCharacterListViewController.swift */; };
		EDB039E9299A67830048FC43 /* SearchCharacterListInteractor.swift in Sources */ = {isa = PBXBuildFile; fileRef = EDB039E3299A67830048FC43 /* SearchCharacterListInteractor.swift */; };
		EDB039EB299A69DE0048FC43 /* SearchCharacterFilter.swift in Sources */ = {isa = PBXBuildFile; fileRef = EDB039EA299A69DE0048FC43 /* SearchCharacterFilter.swift */; };
/* End PBXBuildFile section */

/* Begin PBXContainerItemProxy section */
		ED0BBD60298E7CF3004C2559 /* PBXContainerItemProxy */ = {
			isa = PBXContainerItemProxy;
			containerPortal = ED0BBD3E298E7CF0004C2559 /* Project object */;
			proxyType = 1;
			remoteGlobalIDString = ED0BBD45298E7CF1004C2559;
			remoteInfo = "Rick and Morti";
		};
		ED0BBD6A298E7CF3004C2559 /* PBXContainerItemProxy */ = {
			isa = PBXContainerItemProxy;
			containerPortal = ED0BBD3E298E7CF0004C2559 /* Project object */;
			proxyType = 1;
			remoteGlobalIDString = ED0BBD45298E7CF1004C2559;
			remoteInfo = "Rick and Morti";
		};
/* End PBXContainerItemProxy section */

/* Begin PBXFileReference section */
		ED0BBD46298E7CF1004C2559 /* Rick and Morti.app */ = {isa = PBXFileReference; explicitFileType = wrapper.application; includeInIndex = 0; path = "Rick and Morti.app"; sourceTree = BUILT_PRODUCTS_DIR; };
		ED0BBD49298E7CF1004C2559 /* AppDelegate.swift */ = {isa = PBXFileReference; lastKnownFileType = sourcecode.swift; path = AppDelegate.swift; sourceTree = "<group>"; };
		ED0BBD4B298E7CF1004C2559 /* SceneDelegate.swift */ = {isa = PBXFileReference; lastKnownFileType = sourcecode.swift; path = SceneDelegate.swift; sourceTree = "<group>"; };
		ED0BBD4D298E7CF1004C2559 /* ViewController.swift */ = {isa = PBXFileReference; lastKnownFileType = sourcecode.swift; path = ViewController.swift; sourceTree = "<group>"; };
		ED0BBD50298E7CF1004C2559 /* Base */ = {isa = PBXFileReference; lastKnownFileType = file.storyboard; name = Base; path = Base.lproj/Main.storyboard; sourceTree = "<group>"; };
		ED0BBD53298E7CF1004C2559 /* Rick_and_Morti.xcdatamodel */ = {isa = PBXFileReference; lastKnownFileType = wrapper.xcdatamodel; path = Rick_and_Morti.xcdatamodel; sourceTree = "<group>"; };
		ED0BBD55298E7CF2004C2559 /* Assets.xcassets */ = {isa = PBXFileReference; lastKnownFileType = folder.assetcatalog; path = Assets.xcassets; sourceTree = "<group>"; };
		ED0BBD58298E7CF2004C2559 /* Base */ = {isa = PBXFileReference; lastKnownFileType = file.storyboard; name = Base; path = Base.lproj/LaunchScreen.storyboard; sourceTree = "<group>"; };
		ED0BBD5A298E7CF2004C2559 /* Info.plist */ = {isa = PBXFileReference; lastKnownFileType = text.plist.xml; path = Info.plist; sourceTree = "<group>"; };
		ED0BBD5F298E7CF3004C2559 /* Rick and MortiTests.xctest */ = {isa = PBXFileReference; explicitFileType = wrapper.cfbundle; includeInIndex = 0; path = "Rick and MortiTests.xctest"; sourceTree = BUILT_PRODUCTS_DIR; };
		ED0BBD63298E7CF3004C2559 /* Rick_and_MortiTests.swift */ = {isa = PBXFileReference; lastKnownFileType = sourcecode.swift; path = Rick_and_MortiTests.swift; sourceTree = "<group>"; };
		ED0BBD69298E7CF3004C2559 /* Rick and MortiUITests.xctest */ = {isa = PBXFileReference; explicitFileType = wrapper.cfbundle; includeInIndex = 0; path = "Rick and MortiUITests.xctest"; sourceTree = BUILT_PRODUCTS_DIR; };
		ED0BBD6D298E7CF3004C2559 /* Rick_and_MortiUITests.swift */ = {isa = PBXFileReference; lastKnownFileType = sourcecode.swift; path = Rick_and_MortiUITests.swift; sourceTree = "<group>"; };
		ED0BBD6F298E7CF3004C2559 /* Rick_and_MortiUITestsLaunchTests.swift */ = {isa = PBXFileReference; lastKnownFileType = sourcecode.swift; path = Rick_and_MortiUITestsLaunchTests.swift; sourceTree = "<group>"; };
		ED0BBD89298E87D9004C2559 /* ListCharactersPresenter.swift */ = {isa = PBXFileReference; lastKnownFileType = sourcecode.swift; path = ListCharactersPresenter.swift; sourceTree = "<group>"; };
		ED0BBD8A298E87D9004C2559 /* ListCharactersWorker.swift */ = {isa = PBXFileReference; lastKnownFileType = sourcecode.swift; path = ListCharactersWorker.swift; sourceTree = "<group>"; };
		ED0BBD8B298E87D9004C2559 /* ListCharactersRouter.swift */ = {isa = PBXFileReference; lastKnownFileType = sourcecode.swift; path = ListCharactersRouter.swift; sourceTree = "<group>"; };
		ED0BBD8C298E87D9004C2559 /* ListCharactersModels.swift */ = {isa = PBXFileReference; lastKnownFileType = sourcecode.swift; path = ListCharactersModels.swift; sourceTree = "<group>"; };
		ED0BBD8D298E87D9004C2559 /* ListCharactersViewController.swift */ = {isa = PBXFileReference; lastKnownFileType = sourcecode.swift; path = ListCharactersViewController.swift; sourceTree = "<group>"; };
		ED0BBD8E298E87D9004C2559 /* ListCharactersInteractor.swift */ = {isa = PBXFileReference; lastKnownFileType = sourcecode.swift; path = ListCharactersInteractor.swift; sourceTree = "<group>"; };
		ED0BBD9629912B08004C2559 /* Character.swift */ = {isa = PBXFileReference; lastKnownFileType = sourcecode.swift; path = Character.swift; sourceTree = "<group>"; };
		ED0BBD9829912D6F004C2559 /* Location.swift */ = {isa = PBXFileReference; lastKnownFileType = sourcecode.swift; path = Location.swift; sourceTree = "<group>"; };
		ED0BBD9A29912DCD004C2559 /* Episode.swift */ = {isa = PBXFileReference; lastKnownFileType = sourcecode.swift; path = Episode.swift; sourceTree = "<group>"; };
		ED0BBD9C29914FEA004C2559 /* PaginationInfo.swift */ = {isa = PBXFileReference; lastKnownFileType = sourcecode.swift; path = PaginationInfo.swift; sourceTree = "<group>"; };
		ED0BBD9F29916602004C2559 /* CharactersApi.swift */ = {isa = PBXFileReference; lastKnownFileType = sourcecode.swift; path = CharactersApi.swift; sourceTree = "<group>"; };
		ED0BBDA229916658004C2559 /* Constants.swift */ = {isa = PBXFileReference; lastKnownFileType = sourcecode.swift; path = Constants.swift; sourceTree = "<group>"; };
		ED0BBDA429916FD6004C2559 /* CharactersCoreData.swift */ = {isa = PBXFileReference; lastKnownFileType = sourcecode.swift; path = CharactersCoreData.swift; sourceTree = "<group>"; };
		ED0BBDA6299172BF004C2559 /* ServiceOperationResult.swift */ = {isa = PBXFileReference; lastKnownFileType = sourcecode.swift; path = ServiceOperationResult.swift; sourceTree = "<group>"; };
		ED0BBDA829918D3E004C2559 /* Extensions.swift */ = {isa = PBXFileReference; lastKnownFileType = sourcecode.swift; path = Extensions.swift; sourceTree = "<group>"; };
		ED0BBDAE29919CDB004C2559 /* CharacterCell.swift */ = {isa = PBXFileReference; lastKnownFileType = sourcecode.swift; path = CharacterCell.swift; sourceTree = "<group>"; };
		ED0BBDAF29919CDC004C2559 /* CharacterCell.xib */ = {isa = PBXFileReference; lastKnownFileType = file.xib; path = CharacterCell.xib; sourceTree = "<group>"; };
		ED0BBDB42991A984004C2559 /* RemoteImageHelper.swift */ = {isa = PBXFileReference; lastKnownFileType = sourcecode.swift; path = RemoteImageHelper.swift; sourceTree = "<group>"; };
		ED0BBDB62991B841004C2559 /* RoundedImageView.swift */ = {isa = PBXFileReference; lastKnownFileType = sourcecode.swift; path = RoundedImageView.swift; sourceTree = "<group>"; };
		ED0BBDBA2991B939004C2559 /* CharacterDetailPresenter.swift */ = {isa = PBXFileReference; lastKnownFileType = sourcecode.swift; path = CharacterDetailPresenter.swift; sourceTree = "<group>"; };
		ED0BBDBB2991B939004C2559 /* CharacterDetailWorker.swift */ = {isa = PBXFileReference; lastKnownFileType = sourcecode.swift; path = CharacterDetailWorker.swift; sourceTree = "<group>"; };
		ED0BBDBC2991B939004C2559 /* CharacterDetailRouter.swift */ = {isa = PBXFileReference; lastKnownFileType = sourcecode.swift; path = CharacterDetailRouter.swift; sourceTree = "<group>"; };
		ED0BBDBD2991B939004C2559 /* CharacterDetailModels.swift */ = {isa = PBXFileReference; lastKnownFileType = sourcecode.swift; path = CharacterDetailModels.swift; sourceTree = "<group>"; };
		ED0BBDBE2991B939004C2559 /* CharacterDetailViewController.swift */ = {isa = PBXFileReference; lastKnownFileType = sourcecode.swift; path = CharacterDetailViewController.swift; sourceTree = "<group>"; };
		ED0BBDBF2991B939004C2559 /* CharacterDetailInteractor.swift */ = {isa = PBXFileReference; lastKnownFileType = sourcecode.swift; path = CharacterDetailInteractor.swift; sourceTree = "<group>"; };
		ED48626F2995699800740E92 /* ManagedCharacter+CoreDataClass.swift */ = {isa = PBXFileReference; lastKnownFileType = sourcecode.swift; path = "ManagedCharacter+CoreDataClass.swift"; sourceTree = "<group>"; };
		ED4862702995699800740E92 /* ManagedCharacter+CoreDataProperties.swift */ = {isa = PBXFileReference; lastKnownFileType = sourcecode.swift; path = "ManagedCharacter+CoreDataProperties.swift"; sourceTree = "<group>"; };
		ED732E462993FE9B00318953 /* EpisodesApi.swift */ = {isa = PBXFileReference; lastKnownFileType = sourcecode.swift; path = EpisodesApi.swift; sourceTree = "<group>"; };
		ED732E482993FECE00318953 /* CharactersProtocol.swift */ = {isa = PBXFileReference; lastKnownFileType = sourcecode.swift; path = CharactersProtocol.swift; sourceTree = "<group>"; };
		ED732E4A2993FEEA00318953 /* EpisodesProtocol.swift */ = {isa = PBXFileReference; lastKnownFileType = sourcecode.swift; path = EpisodesProtocol.swift; sourceTree = "<group>"; };
		EDB039A929966BAD0048FC43 /* ListEpisodesPresenter.swift */ = {isa = PBXFileReference; lastKnownFileType = sourcecode.swift; path = ListEpisodesPresenter.swift; sourceTree = "<group>"; };
		EDB039AA29966BAD0048FC43 /* ListEpisodesWorker.swift */ = {isa = PBXFileReference; lastKnownFileType = sourcecode.swift; path = ListEpisodesWorker.swift; sourceTree = "<group>"; };
		EDB039AB29966BAD0048FC43 /* ListEpisodesRouter.swift */ = {isa = PBXFileReference; lastKnownFileType = sourcecode.swift; path = ListEpisodesRouter.swift; sourceTree = "<group>"; };
		EDB039AC29966BAD0048FC43 /* ListEpisodesModels.swift */ = {isa = PBXFileReference; lastKnownFileType = sourcecode.swift; path = ListEpisodesModels.swift; sourceTree = "<group>"; };
		EDB039AD29966BAE0048FC43 /* ListEpisodesViewController.swift */ = {isa = PBXFileReference; lastKnownFileType = sourcecode.swift; path = ListEpisodesViewController.swift; sourceTree = "<group>"; };
		EDB039AE29966BAE0048FC43 /* ListEpisodesInteractor.swift */ = {isa = PBXFileReference; lastKnownFileType = sourcecode.swift; path = ListEpisodesInteractor.swift; sourceTree = "<group>"; };
		EDB039B529967DEA0048FC43 /* EpisodeTableViewCell.swift */ = {isa = PBXFileReference; lastKnownFileType = sourcecode.swift; path = EpisodeTableViewCell.swift; sourceTree = "<group>"; };
		EDB039B629967DEA0048FC43 /* EpisodeTableViewCell.xib */ = {isa = PBXFileReference; lastKnownFileType = file.xib; path = EpisodeTableViewCell.xib; sourceTree = "<group>"; };
		EDB039B9299693BF0048FC43 /* ListLocationsPresenter.swift */ = {isa = PBXFileReference; lastKnownFileType = sourcecode.swift; path = ListLocationsPresenter.swift; sourceTree = "<group>"; };
		EDB039BA299693BF0048FC43 /* ListLocationsWorker.swift */ = {isa = PBXFileReference; lastKnownFileType = sourcecode.swift; path = ListLocationsWorker.swift; sourceTree = "<group>"; };
		EDB039BB299693BF0048FC43 /* ListLocationsRouter.swift */ = {isa = PBXFileReference; lastKnownFileType = sourcecode.swift; path = ListLocationsRouter.swift; sourceTree = "<group>"; };
		EDB039BC299693BF0048FC43 /* ListLocationsModels.swift */ = {isa = PBXFileReference; lastKnownFileType = sourcecode.swift; path = ListLocationsModels.swift; sourceTree = "<group>"; };
		EDB039BD299693BF0048FC43 /* ListLocationsViewController.swift */ = {isa = PBXFileReference; lastKnownFileType = sourcecode.swift; path = ListLocationsViewController.swift; sourceTree = "<group>"; };
		EDB039BE299693BF0048FC43 /* ListLocationsInteractor.swift */ = {isa = PBXFileReference; lastKnownFileType = sourcecode.swift; path = ListLocationsInteractor.swift; sourceTree = "<group>"; };
		EDB039C62996983E0048FC43 /* LocationsProtocol.swift */ = {isa = PBXFileReference; lastKnownFileType = sourcecode.swift; path = LocationsProtocol.swift; sourceTree = "<group>"; };
		EDB039C8299699E60048FC43 /* LocationsApi.swift */ = {isa = PBXFileReference; lastKnownFileType = sourcecode.swift; path = LocationsApi.swift; sourceTree = "<group>"; };
		EDB039CA2996A84E0048FC43 /* LocationTableViewCell.swift */ = {isa = PBXFileReference; lastKnownFileType = sourcecode.swift; path = LocationTableViewCell.swift; sourceTree = "<group>"; };
		EDB039CB2996A84E0048FC43 /* LocationTableViewCell.xib */ = {isa = PBXFileReference; lastKnownFileType = file.xib; path = LocationTableViewCell.xib; sourceTree = "<group>"; };
		EDB039CF2996B53D0048FC43 /* SearchCharacterPresenter.swift */ = {isa = PBXFileReference; lastKnownFileType = sourcecode.swift; path = SearchCharacterPresenter.swift; sourceTree = "<group>"; };
		EDB039D02996B53D0048FC43 /* SearchCharacterWorker.swift */ = {isa = PBXFileReference; lastKnownFileType = sourcecode.swift; path = SearchCharacterWorker.swift; sourceTree = "<group>"; };
		EDB039D12996B53D0048FC43 /* SearchCharacterRouter.swift */ = {isa = PBXFileReference; lastKnownFileType = sourcecode.swift; path = SearchCharacterRouter.swift; sourceTree = "<group>"; };
		EDB039D22996B53D0048FC43 /* SearchCharacterModels.swift */ = {isa = PBXFileReference; lastKnownFileType = sourcecode.swift; path = SearchCharacterModels.swift; sourceTree = "<group>"; };
		EDB039D32996B53D0048FC43 /* SearchCharacterViewController.swift */ = {isa = PBXFileReference; lastKnownFileType = sourcecode.swift; path = SearchCharacterViewController.swift; sourceTree = "<group>"; };
		EDB039D42996B53D0048FC43 /* SearchCharacterInteractor.swift */ = {isa = PBXFileReference; lastKnownFileType = sourcecode.swift; path = SearchCharacterInteractor.swift; sourceTree = "<group>"; };
		EDB039DE299A67830048FC43 /* SearchCharacterListPresenter.swift */ = {isa = PBXFileReference; lastKnownFileType = sourcecode.swift; path = SearchCharacterListPresenter.swift; sourceTree = "<group>"; };
		EDB039DF299A67830048FC43 /* SearchCharacterListWorker.swift */ = {isa = PBXFileReference; lastKnownFileType = sourcecode.swift; path = SearchCharacterListWorker.swift; sourceTree = "<group>"; };
		EDB039E0299A67830048FC43 /* SearchCharacterListRouter.swift */ = {isa = PBXFileReference; lastKnownFileType = sourcecode.swift; path = SearchCharacterListRouter.swift; sourceTree = "<group>"; };
		EDB039E1299A67830048FC43 /* SearchCharacterListModels.swift */ = {isa = PBXFileReference; lastKnownFileType = sourcecode.swift; path = SearchCharacterListModels.swift; sourceTree = "<group>"; };
		EDB039E2299A67830048FC43 /* SearchCharacterListViewController.swift */ = {isa = PBXFileReference; lastKnownFileType = sourcecode.swift; path = SearchCharacterListViewController.swift; sourceTree = "<group>"; };
		EDB039E3299A67830048FC43 /* SearchCharacterListInteractor.swift */ = {isa = PBXFileReference; lastKnownFileType = sourcecode.swift; path = SearchCharacterListInteractor.swift; sourceTree = "<group>"; };
		EDB039EA299A69DE0048FC43 /* SearchCharacterFilter.swift */ = {isa = PBXFileReference; lastKnownFileType = sourcecode.swift; path = SearchCharacterFilter.swift; sourceTree = "<group>"; };
/* End PBXFileReference section */

/* Begin PBXFrameworksBuildPhase section */
		ED0BBD43298E7CF1004C2559 /* Frameworks */ = {
			isa = PBXFrameworksBuildPhase;
			buildActionMask = 2147483647;
			files = (
			);
			runOnlyForDeploymentPostprocessing = 0;
		};
		ED0BBD5C298E7CF3004C2559 /* Frameworks */ = {
			isa = PBXFrameworksBuildPhase;
			buildActionMask = 2147483647;
			files = (
			);
			runOnlyForDeploymentPostprocessing = 0;
		};
		ED0BBD66298E7CF3004C2559 /* Frameworks */ = {
			isa = PBXFrameworksBuildPhase;
			buildActionMask = 2147483647;
			files = (
			);
			runOnlyForDeploymentPostprocessing = 0;
		};
/* End PBXFrameworksBuildPhase section */

/* Begin PBXGroup section */
		ED0BBD3D298E7CF0004C2559 = {
			isa = PBXGroup;
			children = (
				ED0BBD48298E7CF1004C2559 /* Rick and Morti */,
				ED0BBD62298E7CF3004C2559 /* Rick and MortiTests */,
				ED0BBD6C298E7CF3004C2559 /* Rick and MortiUITests */,
				ED0BBD47298E7CF1004C2559 /* Products */,
			);
			sourceTree = "<group>";
		};
		ED0BBD47298E7CF1004C2559 /* Products */ = {
			isa = PBXGroup;
			children = (
				ED0BBD46298E7CF1004C2559 /* Rick and Morti.app */,
				ED0BBD5F298E7CF3004C2559 /* Rick and MortiTests.xctest */,
				ED0BBD69298E7CF3004C2559 /* Rick and MortiUITests.xctest */,
			);
			name = Products;
			sourceTree = "<group>";
		};
		ED0BBD48298E7CF1004C2559 /* Rick and Morti */ = {
			isa = PBXGroup;
			children = (
				ED0BBDA129916642004C2559 /* Utils */,
				ED0BBD9E29916486004C2559 /* Service */,
				ED0BBD95298E87EA004C2559 /* Models */,
				ED0BBD88298E8712004C2559 /* Scenes */,
				ED0BBD49298E7CF1004C2559 /* AppDelegate.swift */,
				ED0BBD4B298E7CF1004C2559 /* SceneDelegate.swift */,
				ED0BBD4D298E7CF1004C2559 /* ViewController.swift */,
				ED0BBD4F298E7CF1004C2559 /* Main.storyboard */,
				ED0BBD55298E7CF2004C2559 /* Assets.xcassets */,
				ED0BBD57298E7CF2004C2559 /* LaunchScreen.storyboard */,
				ED0BBD5A298E7CF2004C2559 /* Info.plist */,
				ED0BBD52298E7CF1004C2559 /* Rick_and_Morti.xcdatamodeld */,
			);
			path = "Rick and Morti";
			sourceTree = "<group>";
		};
		ED0BBD62298E7CF3004C2559 /* Rick and MortiTests */ = {
			isa = PBXGroup;
			children = (
				ED0BBD63298E7CF3004C2559 /* Rick_and_MortiTests.swift */,
			);
			path = "Rick and MortiTests";
			sourceTree = "<group>";
		};
		ED0BBD6C298E7CF3004C2559 /* Rick and MortiUITests */ = {
			isa = PBXGroup;
			children = (
				ED0BBD6D298E7CF3004C2559 /* Rick_and_MortiUITests.swift */,
				ED0BBD6F298E7CF3004C2559 /* Rick_and_MortiUITestsLaunchTests.swift */,
			);
			path = "Rick and MortiUITests";
			sourceTree = "<group>";
		};
		ED0BBD88298E8712004C2559 /* Scenes */ = {
			isa = PBXGroup;
			children = (
				EDB039DD299A67600048FC43 /* SearchCharacterList */,
				EDB039CE2996B4FF0048FC43 /* SearchCharacter */,
				EDB039C5299693C50048FC43 /* ListLocations */,
				EDB039A829966B920048FC43 /* ListEpisodes */,
				ED0BBDB92991B8B1004C2559 /* CharacterDetail */,
				ED0BBDB82991B899004C2559 /* ListCharacters */,
				ED0BBDAE29919CDB004C2559 /* CharacterCell.swift */,
				ED0BBDAF29919CDC004C2559 /* CharacterCell.xib */,
			);
			path = Scenes;
			sourceTree = "<group>";
		};
		ED0BBD95298E87EA004C2559 /* Models */ = {
			isa = PBXGroup;
			children = (
				ED48626F2995699800740E92 /* ManagedCharacter+CoreDataClass.swift */,
				ED4862702995699800740E92 /* ManagedCharacter+CoreDataProperties.swift */,
				ED0BBD9629912B08004C2559 /* Character.swift */,
				ED0BBD9829912D6F004C2559 /* Location.swift */,
				ED0BBD9A29912DCD004C2559 /* Episode.swift */,
				ED0BBD9C29914FEA004C2559 /* PaginationInfo.swift */,
				EDB039EA299A69DE0048FC43 /* SearchCharacterFilter.swift */,
			);
			path = Models;
			sourceTree = "<group>";
		};
		ED0BBD9E29916486004C2559 /* Service */ = {
			isa = PBXGroup;
			children = (
				ED732E482993FECE00318953 /* CharactersProtocol.swift */,
				ED0BBD9F29916602004C2559 /* CharactersApi.swift */,
				ED0BBDA429916FD6004C2559 /* CharactersCoreData.swift */,
				ED732E4A2993FEEA00318953 /* EpisodesProtocol.swift */,
				ED732E462993FE9B00318953 /* EpisodesApi.swift */,
				EDB039C62996983E0048FC43 /* LocationsProtocol.swift */,
				EDB039C8299699E60048FC43 /* LocationsApi.swift */,
			);
			path = Service;
			sourceTree = "<group>";
		};
		ED0BBDA129916642004C2559 /* Utils */ = {
			isa = PBXGroup;
			children = (
				ED0BBDA229916658004C2559 /* Constants.swift */,
				ED0BBDA6299172BF004C2559 /* ServiceOperationResult.swift */,
				ED0BBDA829918D3E004C2559 /* Extensions.swift */,
				ED0BBDB42991A984004C2559 /* RemoteImageHelper.swift */,
				ED0BBDB62991B841004C2559 /* RoundedImageView.swift */,
			);
			path = Utils;
			sourceTree = "<group>";
		};
		ED0BBDB82991B899004C2559 /* ListCharacters */ = {
			isa = PBXGroup;
			children = (
				ED0BBD89298E87D9004C2559 /* ListCharactersPresenter.swift */,
				ED0BBD8A298E87D9004C2559 /* ListCharactersWorker.swift */,
				ED0BBD8B298E87D9004C2559 /* ListCharactersRouter.swift */,
				ED0BBD8C298E87D9004C2559 /* ListCharactersModels.swift */,
				ED0BBD8D298E87D9004C2559 /* ListCharactersViewController.swift */,
				ED0BBD8E298E87D9004C2559 /* ListCharactersInteractor.swift */,
			);
			path = ListCharacters;
			sourceTree = "<group>";
		};
		ED0BBDB92991B8B1004C2559 /* CharacterDetail */ = {
			isa = PBXGroup;
			children = (
				ED0BBDBA2991B939004C2559 /* CharacterDetailPresenter.swift */,
				ED0BBDBB2991B939004C2559 /* CharacterDetailWorker.swift */,
				ED0BBDBC2991B939004C2559 /* CharacterDetailRouter.swift */,
				ED0BBDBD2991B939004C2559 /* CharacterDetailModels.swift */,
				ED0BBDBE2991B939004C2559 /* CharacterDetailViewController.swift */,
				ED0BBDBF2991B939004C2559 /* CharacterDetailInteractor.swift */,
			);
			path = CharacterDetail;
			sourceTree = "<group>";
		};
		EDB039A829966B920048FC43 /* ListEpisodes */ = {
			isa = PBXGroup;
			children = (
				EDB039A929966BAD0048FC43 /* ListEpisodesPresenter.swift */,
				EDB039AA29966BAD0048FC43 /* ListEpisodesWorker.swift */,
				EDB039AB29966BAD0048FC43 /* ListEpisodesRouter.swift */,
				EDB039AC29966BAD0048FC43 /* ListEpisodesModels.swift */,
				EDB039AD29966BAE0048FC43 /* ListEpisodesViewController.swift */,
				EDB039AE29966BAE0048FC43 /* ListEpisodesInteractor.swift */,
				EDB039B529967DEA0048FC43 /* EpisodeTableViewCell.swift */,
				EDB039B629967DEA0048FC43 /* EpisodeTableViewCell.xib */,
			);
			path = ListEpisodes;
			sourceTree = "<group>";
		};
		EDB039C5299693C50048FC43 /* ListLocations */ = {
			isa = PBXGroup;
			children = (
				EDB039B9299693BF0048FC43 /* ListLocationsPresenter.swift */,
				EDB039BA299693BF0048FC43 /* ListLocationsWorker.swift */,
				EDB039BB299693BF0048FC43 /* ListLocationsRouter.swift */,
				EDB039BC299693BF0048FC43 /* ListLocationsModels.swift */,
				EDB039BD299693BF0048FC43 /* ListLocationsViewController.swift */,
				EDB039BE299693BF0048FC43 /* ListLocationsInteractor.swift */,
				EDB039CA2996A84E0048FC43 /* LocationTableViewCell.swift */,
				EDB039CB2996A84E0048FC43 /* LocationTableViewCell.xib */,
			);
			path = ListLocations;
			sourceTree = "<group>";
		};
		EDB039CE2996B4FF0048FC43 /* SearchCharacter */ = {
			isa = PBXGroup;
			children = (
				EDB039CF2996B53D0048FC43 /* SearchCharacterPresenter.swift */,
				EDB039D02996B53D0048FC43 /* SearchCharacterWorker.swift */,
				EDB039D12996B53D0048FC43 /* SearchCharacterRouter.swift */,
				EDB039D22996B53D0048FC43 /* SearchCharacterModels.swift */,
				EDB039D32996B53D0048FC43 /* SearchCharacterViewController.swift */,
				EDB039D42996B53D0048FC43 /* SearchCharacterInteractor.swift */,
			);
			path = SearchCharacter;
			sourceTree = "<group>";
		};
		EDB039DD299A67600048FC43 /* SearchCharacterList */ = {
			isa = PBXGroup;
			children = (
				EDB039DE299A67830048FC43 /* SearchCharacterListPresenter.swift */,
				EDB039DF299A67830048FC43 /* SearchCharacterListWorker.swift */,
				EDB039E0299A67830048FC43 /* SearchCharacterListRouter.swift */,
				EDB039E1299A67830048FC43 /* SearchCharacterListModels.swift */,
				EDB039E2299A67830048FC43 /* SearchCharacterListViewController.swift */,
				EDB039E3299A67830048FC43 /* SearchCharacterListInteractor.swift */,
			);
			path = SearchCharacterList;
			sourceTree = "<group>";
		};
/* End PBXGroup section */

/* Begin PBXNativeTarget section */
		ED0BBD45298E7CF1004C2559 /* Rick and Morti */ = {
			isa = PBXNativeTarget;
			buildConfigurationList = ED0BBD73298E7CF3004C2559 /* Build configuration list for PBXNativeTarget "Rick and Morti" */;
			buildPhases = (
				ED0BBD42298E7CF1004C2559 /* Sources */,
				ED0BBD43298E7CF1004C2559 /* Frameworks */,
				ED0BBD44298E7CF1004C2559 /* Resources */,
			);
			buildRules = (
			);
			dependencies = (
			);
			name = "Rick and Morti";
			productName = "Rick and Morti";
			productReference = ED0BBD46298E7CF1004C2559 /* Rick and Morti.app */;
			productType = "com.apple.product-type.application";
		};
		ED0BBD5E298E7CF3004C2559 /* Rick and MortiTests */ = {
			isa = PBXNativeTarget;
			buildConfigurationList = ED0BBD76298E7CF3004C2559 /* Build configuration list for PBXNativeTarget "Rick and MortiTests" */;
			buildPhases = (
				ED0BBD5B298E7CF3004C2559 /* Sources */,
				ED0BBD5C298E7CF3004C2559 /* Frameworks */,
				ED0BBD5D298E7CF3004C2559 /* Resources */,
			);
			buildRules = (
			);
			dependencies = (
				ED0BBD61298E7CF3004C2559 /* PBXTargetDependency */,
			);
			name = "Rick and MortiTests";
			productName = "Rick and MortiTests";
			productReference = ED0BBD5F298E7CF3004C2559 /* Rick and MortiTests.xctest */;
			productType = "com.apple.product-type.bundle.unit-test";
		};
		ED0BBD68298E7CF3004C2559 /* Rick and MortiUITests */ = {
			isa = PBXNativeTarget;
			buildConfigurationList = ED0BBD79298E7CF3004C2559 /* Build configuration list for PBXNativeTarget "Rick and MortiUITests" */;
			buildPhases = (
				ED0BBD65298E7CF3004C2559 /* Sources */,
				ED0BBD66298E7CF3004C2559 /* Frameworks */,
				ED0BBD67298E7CF3004C2559 /* Resources */,
			);
			buildRules = (
			);
			dependencies = (
				ED0BBD6B298E7CF3004C2559 /* PBXTargetDependency */,
			);
			name = "Rick and MortiUITests";
			productName = "Rick and MortiUITests";
			productReference = ED0BBD69298E7CF3004C2559 /* Rick and MortiUITests.xctest */;
			productType = "com.apple.product-type.bundle.ui-testing";
		};
/* End PBXNativeTarget section */

/* Begin PBXProject section */
		ED0BBD3E298E7CF0004C2559 /* Project object */ = {
			isa = PBXProject;
			attributes = {
				BuildIndependentTargetsInParallel = 1;
				LastSwiftUpdateCheck = 1400;
				LastUpgradeCheck = 1400;
				TargetAttributes = {
					ED0BBD45298E7CF1004C2559 = {
						CreatedOnToolsVersion = 14.0.1;
					};
					ED0BBD5E298E7CF3004C2559 = {
						CreatedOnToolsVersion = 14.0.1;
						TestTargetID = ED0BBD45298E7CF1004C2559;
					};
					ED0BBD68298E7CF3004C2559 = {
						CreatedOnToolsVersion = 14.0.1;
						TestTargetID = ED0BBD45298E7CF1004C2559;
					};
				};
			};
			buildConfigurationList = ED0BBD41298E7CF0004C2559 /* Build configuration list for PBXProject "Rick and Morti" */;
			compatibilityVersion = "Xcode 14.0";
			developmentRegion = en;
			hasScannedForEncodings = 0;
			knownRegions = (
				en,
				Base,
			);
			mainGroup = ED0BBD3D298E7CF0004C2559;
			productRefGroup = ED0BBD47298E7CF1004C2559 /* Products */;
			projectDirPath = "";
			projectRoot = "";
			targets = (
				ED0BBD45298E7CF1004C2559 /* Rick and Morti */,
				ED0BBD5E298E7CF3004C2559 /* Rick and MortiTests */,
				ED0BBD68298E7CF3004C2559 /* Rick and MortiUITests */,
			);
		};
/* End PBXProject section */

/* Begin PBXResourcesBuildPhase section */
		ED0BBD44298E7CF1004C2559 /* Resources */ = {
			isa = PBXResourcesBuildPhase;
			buildActionMask = 2147483647;
			files = (
				ED0BBD59298E7CF2004C2559 /* LaunchScreen.storyboard in Resources */,
				ED0BBD56298E7CF2004C2559 /* Assets.xcassets in Resources */,
				EDB039CD2996A84E0048FC43 /* LocationTableViewCell.xib in Resources */,
				ED0BBD51298E7CF1004C2559 /* Main.storyboard in Resources */,
				EDB039B829967DEA0048FC43 /* EpisodeTableViewCell.xib in Resources */,
				ED0BBDB129919CDC004C2559 /* CharacterCell.xib in Resources */,
			);
			runOnlyForDeploymentPostprocessing = 0;
		};
		ED0BBD5D298E7CF3004C2559 /* Resources */ = {
			isa = PBXResourcesBuildPhase;
			buildActionMask = 2147483647;
			files = (
			);
			runOnlyForDeploymentPostprocessing = 0;
		};
		ED0BBD67298E7CF3004C2559 /* Resources */ = {
			isa = PBXResourcesBuildPhase;
			buildActionMask = 2147483647;
			files = (
			);
			runOnlyForDeploymentPostprocessing = 0;
		};
/* End PBXResourcesBuildPhase section */

/* Begin PBXSourcesBuildPhase section */
		ED0BBD42298E7CF1004C2559 /* Sources */ = {
			isa = PBXSourcesBuildPhase;
			buildActionMask = 2147483647;
			files = (
				ED0BBDC12991B939004C2559 /* CharacterDetailWorker.swift in Sources */,
				EDB039C4299693BF0048FC43 /* ListLocationsInteractor.swift in Sources */,
				EDB039E6299A67830048FC43 /* SearchCharacterListRouter.swift in Sources */,
				ED0BBD54298E7CF1004C2559 /* Rick_and_Morti.xcdatamodeld in Sources */,
				EDB039E7299A67830048FC43 /* SearchCharacterListModels.swift in Sources */,
				ED0BBD9D29914FEA004C2559 /* PaginationInfo.swift in Sources */,
				ED0BBDC02991B939004C2559 /* CharacterDetailPresenter.swift in Sources */,
				EDB039B329966BAE0048FC43 /* ListEpisodesViewController.swift in Sources */,
				ED0BBDC32991B939004C2559 /* CharacterDetailModels.swift in Sources */,
				ED0BBD93298E87D9004C2559 /* ListCharactersViewController.swift in Sources */,
				EDB039CC2996A84E0048FC43 /* LocationTableViewCell.swift in Sources */,
				EDB039E5299A67830048FC43 /* SearchCharacterListWorker.swift in Sources */,
				ED0BBDA029916603004C2559 /* CharactersApi.swift in Sources */,
				EDB039C3299693BF0048FC43 /* ListLocationsViewController.swift in Sources */,
				ED0BBDC42991B939004C2559 /* CharacterDetailViewController.swift in Sources */,
				EDB039B029966BAE0048FC43 /* ListEpisodesWorker.swift in Sources */,
				EDB039DA2996B53D0048FC43 /* SearchCharacterInteractor.swift in Sources */,
				ED0BBD9729912B08004C2559 /* Character.swift in Sources */,
				ED732E4B2993FEEA00318953 /* EpisodesProtocol.swift in Sources */,
				ED0BBD4E298E7CF1004C2559 /* ViewController.swift in Sources */,
				EDB039C72996983E0048FC43 /* LocationsProtocol.swift in Sources */,
				ED0BBDA529916FD6004C2559 /* CharactersCoreData.swift in Sources */,
				ED0BBDA929918D3E004C2559 /* Extensions.swift in Sources */,
				ED4862712995699800740E92 /* ManagedCharacter+CoreDataClass.swift in Sources */,
				EDB039C9299699E60048FC43 /* LocationsApi.swift in Sources */,
				EDB039C2299693BF0048FC43 /* ListLocationsModels.swift in Sources */,
				EDB039D62996B53D0048FC43 /* SearchCharacterWorker.swift in Sources */,
				ED0BBDC22991B939004C2559 /* CharacterDetailRouter.swift in Sources */,
				EDB039BF299693BF0048FC43 /* ListLocationsPresenter.swift in Sources */,
				EDB039D82996B53D0048FC43 /* SearchCharacterModels.swift in Sources */,
				ED0BBDC52991B939004C2559 /* CharacterDetailInteractor.swift in Sources */,
				ED0BBDB72991B841004C2559 /* RoundedImageView.swift in Sources */,
				EDB039D52996B53D0048FC43 /* SearchCharacterPresenter.swift in Sources */,
				EDB039C1299693BF0048FC43 /* ListLocationsRouter.swift in Sources */,
				ED732E472993FE9B00318953 /* EpisodesApi.swift in Sources */,
				ED0BBDB52991A984004C2559 /* RemoteImageHelper.swift in Sources */,
				EDB039E8299A67830048FC43 /* SearchCharacterListViewController.swift in Sources */,
				EDB039C0299693BF0048FC43 /* ListLocationsWorker.swift in Sources */,
				ED0BBD4A298E7CF1004C2559 /* AppDelegate.swift in Sources */,
				EDB039D92996B53D0048FC43 /* SearchCharacterViewController.swift in Sources */,
				EDB039E4299A67830048FC43 /* SearchCharacterListPresenter.swift in Sources */,
				ED0BBDA329916658004C2559 /* Constants.swift in Sources */,
				EDB039B229966BAE0048FC43 /* ListEpisodesModels.swift in Sources */,
				ED732E492993FECE00318953 /* CharactersProtocol.swift in Sources */,
				EDB039B429966BAE0048FC43 /* ListEpisodesInteractor.swift in Sources */,
				ED0BBD90298E87D9004C2559 /* ListCharactersWorker.swift in Sources */,
				ED0BBD4C298E7CF1004C2559 /* SceneDelegate.swift in Sources */,
				ED0BBD9B29912DCD004C2559 /* Episode.swift in Sources */,
				EDB039E9299A67830048FC43 /* SearchCharacterListInteractor.swift in Sources */,
				ED0BBD92298E87D9004C2559 /* ListCharactersModels.swift in Sources */,
				ED0BBD8F298E87D9004C2559 /* ListCharactersPresenter.swift in Sources */,
				EDB039B129966BAE0048FC43 /* ListEpisodesRouter.swift in Sources */,
				ED0BBDB029919CDC004C2559 /* CharacterCell.swift in Sources */,
				EDB039B729967DEA0048FC43 /* EpisodeTableViewCell.swift in Sources */,
				ED0BBDA7299172BF004C2559 /* ServiceOperationResult.swift in Sources */,
				ED0BBD94298E87D9004C2559 /* ListCharactersInteractor.swift in Sources */,
				EDB039AF29966BAE0048FC43 /* ListEpisodesPresenter.swift in Sources */,
				EDB039EB299A69DE0048FC43 /* SearchCharacterFilter.swift in Sources */,
				ED0BBD9929912D6F004C2559 /* Location.swift in Sources */,
				ED0BBD91298E87D9004C2559 /* ListCharactersRouter.swift in Sources */,
				EDB039D72996B53D0048FC43 /* SearchCharacterRouter.swift in Sources */,
				ED4862722995699800740E92 /* ManagedCharacter+CoreDataProperties.swift in Sources */,
			);
			runOnlyForDeploymentPostprocessing = 0;
		};
		ED0BBD5B298E7CF3004C2559 /* Sources */ = {
			isa = PBXSourcesBuildPhase;
			buildActionMask = 2147483647;
			files = (
				ED0BBD64298E7CF3004C2559 /* Rick_and_MortiTests.swift in Sources */,
			);
			runOnlyForDeploymentPostprocessing = 0;
		};
		ED0BBD65298E7CF3004C2559 /* Sources */ = {
			isa = PBXSourcesBuildPhase;
			buildActionMask = 2147483647;
			files = (
				ED0BBD6E298E7CF3004C2559 /* Rick_and_MortiUITests.swift in Sources */,
				ED0BBD70298E7CF3004C2559 /* Rick_and_MortiUITestsLaunchTests.swift in Sources */,
			);
			runOnlyForDeploymentPostprocessing = 0;
		};
/* End PBXSourcesBuildPhase section */

/* Begin PBXTargetDependency section */
		ED0BBD61298E7CF3004C2559 /* PBXTargetDependency */ = {
			isa = PBXTargetDependency;
			target = ED0BBD45298E7CF1004C2559 /* Rick and Morti */;
			targetProxy = ED0BBD60298E7CF3004C2559 /* PBXContainerItemProxy */;
		};
		ED0BBD6B298E7CF3004C2559 /* PBXTargetDependency */ = {
			isa = PBXTargetDependency;
			target = ED0BBD45298E7CF1004C2559 /* Rick and Morti */;
			targetProxy = ED0BBD6A298E7CF3004C2559 /* PBXContainerItemProxy */;
		};
/* End PBXTargetDependency section */

/* Begin PBXVariantGroup section */
		ED0BBD4F298E7CF1004C2559 /* Main.storyboard */ = {
			isa = PBXVariantGroup;
			children = (
				ED0BBD50298E7CF1004C2559 /* Base */,
			);
			name = Main.storyboard;
			sourceTree = "<group>";
		};
		ED0BBD57298E7CF2004C2559 /* LaunchScreen.storyboard */ = {
			isa = PBXVariantGroup;
			children = (
				ED0BBD58298E7CF2004C2559 /* Base */,
			);
			name = LaunchScreen.storyboard;
			sourceTree = "<group>";
		};
/* End PBXVariantGroup section */

/* Begin XCBuildConfiguration section */
		ED0BBD71298E7CF3004C2559 /* Debug */ = {
			isa = XCBuildConfiguration;
			buildSettings = {
				ALWAYS_SEARCH_USER_PATHS = NO;
				CLANG_ANALYZER_NONNULL = YES;
				CLANG_ANALYZER_NUMBER_OBJECT_CONVERSION = YES_AGGRESSIVE;
				CLANG_CXX_LANGUAGE_STANDARD = "gnu++20";
				CLANG_ENABLE_MODULES = YES;
				CLANG_ENABLE_OBJC_ARC = YES;
				CLANG_ENABLE_OBJC_WEAK = YES;
				CLANG_WARN_BLOCK_CAPTURE_AUTORELEASING = YES;
				CLANG_WARN_BOOL_CONVERSION = YES;
				CLANG_WARN_COMMA = YES;
				CLANG_WARN_CONSTANT_CONVERSION = YES;
				CLANG_WARN_DEPRECATED_OBJC_IMPLEMENTATIONS = YES;
				CLANG_WARN_DIRECT_OBJC_ISA_USAGE = YES_ERROR;
				CLANG_WARN_DOCUMENTATION_COMMENTS = YES;
				CLANG_WARN_EMPTY_BODY = YES;
				CLANG_WARN_ENUM_CONVERSION = YES;
				CLANG_WARN_INFINITE_RECURSION = YES;
				CLANG_WARN_INT_CONVERSION = YES;
				CLANG_WARN_NON_LITERAL_NULL_CONVERSION = YES;
				CLANG_WARN_OBJC_IMPLICIT_RETAIN_SELF = YES;
				CLANG_WARN_OBJC_LITERAL_CONVERSION = YES;
				CLANG_WARN_OBJC_ROOT_CLASS = YES_ERROR;
				CLANG_WARN_QUOTED_INCLUDE_IN_FRAMEWORK_HEADER = YES;
				CLANG_WARN_RANGE_LOOP_ANALYSIS = YES;
				CLANG_WARN_STRICT_PROTOTYPES = YES;
				CLANG_WARN_SUSPICIOUS_MOVE = YES;
				CLANG_WARN_UNGUARDED_AVAILABILITY = YES_AGGRESSIVE;
				CLANG_WARN_UNREACHABLE_CODE = YES;
				CLANG_WARN__DUPLICATE_METHOD_MATCH = YES;
				COPY_PHASE_STRIP = NO;
				DEBUG_INFORMATION_FORMAT = dwarf;
				ENABLE_STRICT_OBJC_MSGSEND = YES;
				ENABLE_TESTABILITY = YES;
				GCC_C_LANGUAGE_STANDARD = gnu11;
				GCC_DYNAMIC_NO_PIC = NO;
				GCC_NO_COMMON_BLOCKS = YES;
				GCC_OPTIMIZATION_LEVEL = 0;
				GCC_PREPROCESSOR_DEFINITIONS = (
					"DEBUG=1",
					"$(inherited)",
				);
				GCC_WARN_64_TO_32_BIT_CONVERSION = YES;
				GCC_WARN_ABOUT_RETURN_TYPE = YES_ERROR;
				GCC_WARN_UNDECLARED_SELECTOR = YES;
				GCC_WARN_UNINITIALIZED_AUTOS = YES_AGGRESSIVE;
				GCC_WARN_UNUSED_FUNCTION = YES;
				GCC_WARN_UNUSED_VARIABLE = YES;
				IPHONEOS_DEPLOYMENT_TARGET = 16.0;
				MTL_ENABLE_DEBUG_INFO = INCLUDE_SOURCE;
				MTL_FAST_MATH = YES;
				ONLY_ACTIVE_ARCH = YES;
				SDKROOT = iphoneos;
				SWIFT_ACTIVE_COMPILATION_CONDITIONS = DEBUG;
				SWIFT_OPTIMIZATION_LEVEL = "-Onone";
			};
			name = Debug;
		};
		ED0BBD72298E7CF3004C2559 /* Release */ = {
			isa = XCBuildConfiguration;
			buildSettings = {
				ALWAYS_SEARCH_USER_PATHS = NO;
				CLANG_ANALYZER_NONNULL = YES;
				CLANG_ANALYZER_NUMBER_OBJECT_CONVERSION = YES_AGGRESSIVE;
				CLANG_CXX_LANGUAGE_STANDARD = "gnu++20";
				CLANG_ENABLE_MODULES = YES;
				CLANG_ENABLE_OBJC_ARC = YES;
				CLANG_ENABLE_OBJC_WEAK = YES;
				CLANG_WARN_BLOCK_CAPTURE_AUTORELEASING = YES;
				CLANG_WARN_BOOL_CONVERSION = YES;
				CLANG_WARN_COMMA = YES;
				CLANG_WARN_CONSTANT_CONVERSION = YES;
				CLANG_WARN_DEPRECATED_OBJC_IMPLEMENTATIONS = YES;
				CLANG_WARN_DIRECT_OBJC_ISA_USAGE = YES_ERROR;
				CLANG_WARN_DOCUMENTATION_COMMENTS = YES;
				CLANG_WARN_EMPTY_BODY = YES;
				CLANG_WARN_ENUM_CONVERSION = YES;
				CLANG_WARN_INFINITE_RECURSION = YES;
				CLANG_WARN_INT_CONVERSION = YES;
				CLANG_WARN_NON_LITERAL_NULL_CONVERSION = YES;
				CLANG_WARN_OBJC_IMPLICIT_RETAIN_SELF = YES;
				CLANG_WARN_OBJC_LITERAL_CONVERSION = YES;
				CLANG_WARN_OBJC_ROOT_CLASS = YES_ERROR;
				CLANG_WARN_QUOTED_INCLUDE_IN_FRAMEWORK_HEADER = YES;
				CLANG_WARN_RANGE_LOOP_ANALYSIS = YES;
				CLANG_WARN_STRICT_PROTOTYPES = YES;
				CLANG_WARN_SUSPICIOUS_MOVE = YES;
				CLANG_WARN_UNGUARDED_AVAILABILITY = YES_AGGRESSIVE;
				CLANG_WARN_UNREACHABLE_CODE = YES;
				CLANG_WARN__DUPLICATE_METHOD_MATCH = YES;
				COPY_PHASE_STRIP = NO;
				DEBUG_INFORMATION_FORMAT = "dwarf-with-dsym";
				ENABLE_NS_ASSERTIONS = NO;
				ENABLE_STRICT_OBJC_MSGSEND = YES;
				GCC_C_LANGUAGE_STANDARD = gnu11;
				GCC_NO_COMMON_BLOCKS = YES;
				GCC_WARN_64_TO_32_BIT_CONVERSION = YES;
				GCC_WARN_ABOUT_RETURN_TYPE = YES_ERROR;
				GCC_WARN_UNDECLARED_SELECTOR = YES;
				GCC_WARN_UNINITIALIZED_AUTOS = YES_AGGRESSIVE;
				GCC_WARN_UNUSED_FUNCTION = YES;
				GCC_WARN_UNUSED_VARIABLE = YES;
				IPHONEOS_DEPLOYMENT_TARGET = 16.0;
				MTL_ENABLE_DEBUG_INFO = NO;
				MTL_FAST_MATH = YES;
				SDKROOT = iphoneos;
				SWIFT_COMPILATION_MODE = wholemodule;
				SWIFT_OPTIMIZATION_LEVEL = "-O";
				VALIDATE_PRODUCT = YES;
			};
			name = Release;
		};
		ED0BBD74298E7CF3004C2559 /* Debug */ = {
			isa = XCBuildConfiguration;
			buildSettings = {
				ASSETCATALOG_COMPILER_APPICON_NAME = AppIcon;
				ASSETCATALOG_COMPILER_GLOBAL_ACCENT_COLOR_NAME = AccentColor;
				CODE_SIGN_STYLE = Automatic;
				CURRENT_PROJECT_VERSION = 1;
				DEVELOPMENT_TEAM = 6743W355F5;
				GENERATE_INFOPLIST_FILE = YES;
				INFOPLIST_FILE = "Rick and Morti/Info.plist";
				INFOPLIST_KEY_UIApplicationSupportsIndirectInputEvents = YES;
				INFOPLIST_KEY_UILaunchStoryboardName = LaunchScreen;
				INFOPLIST_KEY_UIMainStoryboardFile = Main;
				INFOPLIST_KEY_UISupportedInterfaceOrientations_iPad = "UIInterfaceOrientationPortrait UIInterfaceOrientationPortraitUpsideDown UIInterfaceOrientationLandscapeLeft UIInterfaceOrientationLandscapeRight";
				INFOPLIST_KEY_UISupportedInterfaceOrientations_iPhone = "UIInterfaceOrientationPortrait UIInterfaceOrientationLandscapeLeft UIInterfaceOrientationLandscapeRight";
				LD_RUNPATH_SEARCH_PATHS = (
					"$(inherited)",
					"@executable_path/Frameworks",
				);
				MARKETING_VERSION = 1.0;
				PRODUCT_BUNDLE_IDENTIFIER = "dev.test.Rick-and-Morti";
				PRODUCT_NAME = "$(TARGET_NAME)";
				SWIFT_EMIT_LOC_STRINGS = YES;
				SWIFT_VERSION = 5.0;
				TARGETED_DEVICE_FAMILY = "1,2";
			};
			name = Debug;
		};
		ED0BBD75298E7CF3004C2559 /* Release */ = {
			isa = XCBuildConfiguration;
			buildSettings = {
				ASSETCATALOG_COMPILER_APPICON_NAME = AppIcon;
				ASSETCATALOG_COMPILER_GLOBAL_ACCENT_COLOR_NAME = AccentColor;
				CODE_SIGN_STYLE = Automatic;
				CURRENT_PROJECT_VERSION = 1;
				DEVELOPMENT_TEAM = 6743W355F5;
				GENERATE_INFOPLIST_FILE = YES;
				INFOPLIST_FILE = "Rick and Morti/Info.plist";
				INFOPLIST_KEY_UIApplicationSupportsIndirectInputEvents = YES;
				INFOPLIST_KEY_UILaunchStoryboardName = LaunchScreen;
				INFOPLIST_KEY_UIMainStoryboardFile = Main;
				INFOPLIST_KEY_UISupportedInterfaceOrientations_iPad = "UIInterfaceOrientationPortrait UIInterfaceOrientationPortraitUpsideDown UIInterfaceOrientationLandscapeLeft UIInterfaceOrientationLandscapeRight";
				INFOPLIST_KEY_UISupportedInterfaceOrientations_iPhone = "UIInterfaceOrientationPortrait UIInterfaceOrientationLandscapeLeft UIInterfaceOrientationLandscapeRight";
				LD_RUNPATH_SEARCH_PATHS = (
					"$(inherited)",
					"@executable_path/Frameworks",
				);
				MARKETING_VERSION = 1.0;
				PRODUCT_BUNDLE_IDENTIFIER = "dev.test.Rick-and-Morti";
				PRODUCT_NAME = "$(TARGET_NAME)";
				SWIFT_EMIT_LOC_STRINGS = YES;
				SWIFT_VERSION = 5.0;
				TARGETED_DEVICE_FAMILY = "1,2";
			};
			name = Release;
		};
		ED0BBD77298E7CF3004C2559 /* Debug */ = {
			isa = XCBuildConfiguration;
			buildSettings = {
				ALWAYS_EMBED_SWIFT_STANDARD_LIBRARIES = YES;
				BUNDLE_LOADER = "$(TEST_HOST)";
				CODE_SIGN_STYLE = Automatic;
				CURRENT_PROJECT_VERSION = 1;
				GENERATE_INFOPLIST_FILE = YES;
				IPHONEOS_DEPLOYMENT_TARGET = 16.0;
				MARKETING_VERSION = 1.0;
				PRODUCT_BUNDLE_IDENTIFIER = "dev.test.Rick-and-MortiTests";
				PRODUCT_NAME = "$(TARGET_NAME)";
				SWIFT_EMIT_LOC_STRINGS = NO;
				SWIFT_VERSION = 5.0;
				TARGETED_DEVICE_FAMILY = "1,2";
				TEST_HOST = "$(BUILT_PRODUCTS_DIR)/Rick and Morti.app/$(BUNDLE_EXECUTABLE_FOLDER_PATH)/Rick and Morti";
			};
			name = Debug;
		};
		ED0BBD78298E7CF3004C2559 /* Release */ = {
			isa = XCBuildConfiguration;
			buildSettings = {
				ALWAYS_EMBED_SWIFT_STANDARD_LIBRARIES = YES;
				BUNDLE_LOADER = "$(TEST_HOST)";
				CODE_SIGN_STYLE = Automatic;
				CURRENT_PROJECT_VERSION = 1;
				GENERATE_INFOPLIST_FILE = YES;
				IPHONEOS_DEPLOYMENT_TARGET = 16.0;
				MARKETING_VERSION = 1.0;
				PRODUCT_BUNDLE_IDENTIFIER = "dev.test.Rick-and-MortiTests";
				PRODUCT_NAME = "$(TARGET_NAME)";
				SWIFT_EMIT_LOC_STRINGS = NO;
				SWIFT_VERSION = 5.0;
				TARGETED_DEVICE_FAMILY = "1,2";
				TEST_HOST = "$(BUILT_PRODUCTS_DIR)/Rick and Morti.app/$(BUNDLE_EXECUTABLE_FOLDER_PATH)/Rick and Morti";
			};
			name = Release;
		};
		ED0BBD7A298E7CF3004C2559 /* Debug */ = {
			isa = XCBuildConfiguration;
			buildSettings = {
				ALWAYS_EMBED_SWIFT_STANDARD_LIBRARIES = YES;
				CODE_SIGN_STYLE = Automatic;
				CURRENT_PROJECT_VERSION = 1;
				GENERATE_INFOPLIST_FILE = YES;
				MARKETING_VERSION = 1.0;
				PRODUCT_BUNDLE_IDENTIFIER = "dev.test.Rick-and-MortiUITests";
				PRODUCT_NAME = "$(TARGET_NAME)";
				SWIFT_EMIT_LOC_STRINGS = NO;
				SWIFT_VERSION = 5.0;
				TARGETED_DEVICE_FAMILY = "1,2";
				TEST_TARGET_NAME = "Rick and Morti";
			};
			name = Debug;
		};
		ED0BBD7B298E7CF3004C2559 /* Release */ = {
			isa = XCBuildConfiguration;
			buildSettings = {
				ALWAYS_EMBED_SWIFT_STANDARD_LIBRARIES = YES;
				CODE_SIGN_STYLE = Automatic;
				CURRENT_PROJECT_VERSION = 1;
				GENERATE_INFOPLIST_FILE = YES;
				MARKETING_VERSION = 1.0;
				PRODUCT_BUNDLE_IDENTIFIER = "dev.test.Rick-and-MortiUITests";
				PRODUCT_NAME = "$(TARGET_NAME)";
				SWIFT_EMIT_LOC_STRINGS = NO;
				SWIFT_VERSION = 5.0;
				TARGETED_DEVICE_FAMILY = "1,2";
				TEST_TARGET_NAME = "Rick and Morti";
			};
			name = Release;
		};
/* End XCBuildConfiguration section */

/* Begin XCConfigurationList section */
		ED0BBD41298E7CF0004C2559 /* Build configuration list for PBXProject "Rick and Morti" */ = {
			isa = XCConfigurationList;
			buildConfigurations = (
				ED0BBD71298E7CF3004C2559 /* Debug */,
				ED0BBD72298E7CF3004C2559 /* Release */,
			);
			defaultConfigurationIsVisible = 0;
			defaultConfigurationName = Release;
		};
		ED0BBD73298E7CF3004C2559 /* Build configuration list for PBXNativeTarget "Rick and Morti" */ = {
			isa = XCConfigurationList;
			buildConfigurations = (
				ED0BBD74298E7CF3004C2559 /* Debug */,
				ED0BBD75298E7CF3004C2559 /* Release */,
			);
			defaultConfigurationIsVisible = 0;
			defaultConfigurationName = Release;
		};
		ED0BBD76298E7CF3004C2559 /* Build configuration list for PBXNativeTarget "Rick and MortiTests" */ = {
			isa = XCConfigurationList;
			buildConfigurations = (
				ED0BBD77298E7CF3004C2559 /* Debug */,
				ED0BBD78298E7CF3004C2559 /* Release */,
			);
			defaultConfigurationIsVisible = 0;
			defaultConfigurationName = Release;
		};
		ED0BBD79298E7CF3004C2559 /* Build configuration list for PBXNativeTarget "Rick and MortiUITests" */ = {
			isa = XCConfigurationList;
			buildConfigurations = (
				ED0BBD7A298E7CF3004C2559 /* Debug */,
				ED0BBD7B298E7CF3004C2559 /* Release */,
			);
			defaultConfigurationIsVisible = 0;
			defaultConfigurationName = Release;
		};
/* End XCConfigurationList section */

/* Begin XCVersionGroup section */
		ED0BBD52298E7CF1004C2559 /* Rick_and_Morti.xcdatamodeld */ = {
			isa = XCVersionGroup;
			children = (
				ED0BBD53298E7CF1004C2559 /* Rick_and_Morti.xcdatamodel */,
			);
			currentVersion = ED0BBD53298E7CF1004C2559 /* Rick_and_Morti.xcdatamodel */;
			path = Rick_and_Morti.xcdatamodeld;
			sourceTree = "<group>";
			versionGroupType = wrapper.xcdatamodel;
		};
/* End XCVersionGroup section */
	};
	rootObject = ED0BBD3E298E7CF0004C2559 /* Project object */;
}
